
Microsoft Visual Studio Solution File, Format Version 12.00
# Visual Studio 15
VisualStudioVersion = 15.0.28307.421
MinimumVisualStudioVersion = 10.0.40219.1
Project("{888888A0-9F3D-457C-B088-3A5042F75D52}") = "DjangoWebSkeleton", "DjangoWebSkeleton\DjangoWebSkeleton.pyproj", "{BC9C6937-FDF7-4029-BE58-4CB74AB84AF1}"
EndProject
Global
	GlobalSection(SolutionConfigurationPlatforms) = preSolution
		Debug|Any CPU = Debug|Any CPU
		Release|Any CPU = Release|Any CPU
	EndGlobalSection
	GlobalSection(ProjectConfigurationPlatforms) = postSolution
		{BC9C6937-FDF7-4029-BE58-4CB74AB84AF1}.Debug|Any CPU.ActiveCfg = Debug|Any CPU
		{BC9C6937-FDF7-4029-BE58-4CB74AB84AF1}.Debug|Any CPU.Build.0 = Debug|Any CPU
		{BC9C6937-FDF7-4029-BE58-4CB74AB84AF1}.Release|Any CPU.ActiveCfg = Release|Any CPU
		{BC9C6937-FDF7-4029-BE58-4CB74AB84AF1}.Release|Any CPU.Build.0 = Release|Any CPU
	EndGlobalSection
	GlobalSection(SolutionProperties) = preSolution
		HideSolutionNode = FALSE
	EndGlobalSection
	GlobalSection(ExtensibilityGlobals) = postSolution
		SolutionGuid = {12607504-5A23-4B94-A293-9930F6CB8D9C}
	EndGlobalSection
EndGlobal
